
Microsoft Visual Studio Solution File, Format Version 12.00
# Visual Studio Version 17
VisualStudioVersion = 17.7.34221.43
MinimumVisualStudioVersion = 10.0.40219.1
Project("{FAE04EC0-301F-11D3-BF4B-00C04F79EFBC}") = "EJERCICIO", "EJERCICIO\EJERCICIO.csproj", "{33921FEF-D45B-4E19-A34B-1BB10823FAB6}"
EndProject
Global
	GlobalSection(SolutionConfigurationPlatforms) = preSolution
		Debug|Any CPU = Debug|Any CPU
		Release|Any CPU = Release|Any CPU
	EndGlobalSection
	GlobalSection(ProjectConfigurationPlatforms) = postSolution
		{33921FEF-D45B-4E19-A34B-1BB10823FAB6}.Debug|Any CPU.ActiveCfg = Debug|Any CPU
		{33921FEF-D45B-4E19-A34B-1BB10823FAB6}.Debug|Any CPU.Build.0 = Debug|Any CPU
		{33921FEF-D45B-4E19-A34B-1BB10823FAB6}.Release|Any CPU.ActiveCfg = Release|Any CPU
		{33921FEF-D45B-4E19-A34B-1BB10823FAB6}.Release|Any CPU.Build.0 = Release|Any CPU
	EndGlobalSection
	GlobalSection(SolutionProperties) = preSolution
		HideSolutionNode = FALSE
	EndGlobalSection
	GlobalSection(ExtensibilityGlobals) = postSolution
		SolutionGuid = {78BFC262-98D2-4149-92C1-3DBDCAE1C497}
	EndGlobalSection
EndGlobal
